
Microsoft Visual Studio Solution File, Format Version 12.00
# Visual Studio 15
VisualStudioVersion = 15.0.28307.757
MinimumVisualStudioVersion = 10.0.40219.1
Project("{FAE04EC0-301F-11D3-BF4B-00C04F79EFBC}") = "mediaFileProcessor", "mediaFileProcessor\mediaFileProcessor.csproj", "{29929438-EDAF-4DA3-BAE1-D84F96091612}"
EndProject
Global
	GlobalSection(SolutionConfigurationPlatforms) = preSolution
		Debug|Any CPU = Debug|Any CPU
		Release|Any CPU = Release|Any CPU
	EndGlobalSection
	GlobalSection(ProjectConfigurationPlatforms) = postSolution
		{29929438-EDAF-4DA3-BAE1-D84F96091612}.Debug|Any CPU.ActiveCfg = Debug|Any CPU
		{29929438-EDAF-4DA3-BAE1-D84F96091612}.Debug|Any CPU.Build.0 = Debug|Any CPU
		{29929438-EDAF-4DA3-BAE1-D84F96091612}.Release|Any CPU.ActiveCfg = Release|Any CPU
		{29929438-EDAF-4DA3-BAE1-D84F96091612}.Release|Any CPU.Build.0 = Release|Any CPU
	EndGlobalSection
	GlobalSection(SolutionProperties) = preSolution
		HideSolutionNode = FALSE
	EndGlobalSection
	GlobalSection(ExtensibilityGlobals) = postSolution
		SolutionGuid = {FA014BBE-2544-4A41-8168-B38E5E0BA57F}
	EndGlobalSection
EndGlobal
